
Microsoft Visual Studio Solution File, Format Version 12.00
# Visual Studio Version 17
VisualStudioVersion = 17.9.34607.119
MinimumVisualStudioVersion = 10.0.40219.1
Project("{8BC9CEB8-8B4A-11D0-8D11-00A0C91BC942}") = "PointerFriend", "PointerFriend\PointerFriend.vcxproj", "{494A852A-955F-4789-9F4B-FB097801D0DB}"
EndProject
Project("{8BC9CEB8-8B4A-11D0-8D11-00A0C91BC942}") = "PointerDua", "PointerDua\PointerDua.vcxproj", "{6F97339B-8208-48AF-9044-F1962CA7FB43}"
EndProject
Project("{8BC9CEB8-8B4A-11D0-8D11-00A0C91BC942}") = "PointerTiga", "PointerTiga\PointerTiga.vcxproj", "{9A4A6A5E-94EC-40CF-AB82-91371C15637A}"
EndProject
Project("{8BC9CEB8-8B4A-11D0-8D11-00A0C91BC942}") = "Pointer4", "Pointer4\Pointer4.vcxproj", "{77197D6F-626D-4C08-B089-9264561C4A20}"
EndProject
Global
	GlobalSection(SolutionConfigurationPlatforms) = preSolution
		Debug|x64 = Debug|x64
		Debug|x86 = Debug|x86
		Release|x64 = Release|x64
		Release|x86 = Release|x86
	EndGlobalSection
	GlobalSection(ProjectConfigurationPlatforms) = postSolution
		{494A852A-955F-4789-9F4B-FB097801D0DB}.Debug|x64.ActiveCfg = Debug|x64
		{494A852A-955F-4789-9F4B-FB097801D0DB}.Debug|x64.Build.0 = Debug|x64
		{494A852A-955F-4789-9F4B-FB097801D0DB}.Debug|x86.ActiveCfg = Debug|Win32
		{494A852A-955F-4789-9F4B-FB097801D0DB}.Debug|x86.Build.0 = Debug|Win32
		{494A852A-955F-4789-9F4B-FB097801D0DB}.Release|x64.ActiveCfg = Release|x64
		{494A852A-955F-4789-9F4B-FB097801D0DB}.Release|x64.Build.0 = Release|x64
		{494A852A-955F-4789-9F4B-FB097801D0DB}.Release|x86.ActiveCfg = Release|Win32
		{494A852A-955F-4789-9F4B-FB097801D0DB}.Release|x86.Build.0 = Release|Win32
		{6F97339B-8208-48AF-9044-F1962CA7FB43}.Debug|x64.ActiveCfg = Debug|x64
		{6F97339B-8208-48AF-9044-F1962CA7FB43}.Debug|x64.Build.0 = Debug|x64
		{6F97339B-8208-48AF-9044-F1962CA7FB43}.Debug|x86.ActiveCfg = Debug|Win32
		{6F97339B-8208-48AF-9044-F1962CA7FB43}.Debug|x86.Build.0 = Debug|Win32
		{6F97339B-8208-48AF-9044-F1962CA7FB43}.Release|x64.ActiveCfg = Release|x64
		{6F97339B-8208-48AF-9044-F1962CA7FB43}.Release|x64.Build.0 = Release|x64
		{6F97339B-8208-48AF-9044-F1962CA7FB43}.Release|x86.ActiveCfg = Release|Win32
		{6F97339B-8208-48AF-9044-F1962CA7FB43}.Release|x86.Build.0 = Release|Win32
		{9A4A6A5E-94EC-40CF-AB82-91371C15637A}.Debug|x64.ActiveCfg = Debug|x64
		{9A4A6A5E-94EC-40CF-AB82-91371C15637A}.Debug|x64.Build.0 = Debug|x64
		{9A4A6A5E-94EC-40CF-AB82-91371C15637A}.Debug|x86.ActiveCfg = Debug|Win32
		{9A4A6A5E-94EC-40CF-AB82-91371C15637A}.Debug|x86.Build.0 = Debug|Win32
		{9A4A6A5E-94EC-40CF-AB82-91371C15637A}.Release|x64.ActiveCfg = Release|x64
		{9A4A6A5E-94EC-40CF-AB82-91371C15637A}.Release|x64.Build.0 = Release|x64
		{9A4A6A5E-94EC-40CF-AB82-91371C15637A}.Release|x86.ActiveCfg = Release|Win32
		{9A4A6A5E-94EC-40CF-AB82-91371C15637A}.Release|x86.Build.0 = Release|Win32
		{77197D6F-626D-4C08-B089-9264561C4A20}.Debug|x64.ActiveCfg = Debug|x64
		{77197D6F-626D-4C08-B089-9264561C4A20}.Debug|x64.Build.0 = Debug|x64
		{77197D6F-626D-4C08-B089-9264561C4A20}.Debug|x86.ActiveCfg = Debug|Win32
		{77197D6F-626D-4C08-B089-9264561C4A20}.Debug|x86.Build.0 = Debug|Win32
		{77197D6F-626D-4C08-B089-9264561C4A20}.Release|x64.ActiveCfg = Release|x64
		{77197D6F-626D-4C08-B089-9264561C4A20}.Release|x64.Build.0 = Release|x64
		{77197D6F-626D-4C08-B089-9264561C4A20}.Release|x86.ActiveCfg = Release|Win32
		{77197D6F-626D-4C08-B089-9264561C4A20}.Release|x86.Build.0 = Release|Win32
	EndGlobalSection
	GlobalSection(SolutionProperties) = preSolution
		HideSolutionNode = FALSE
	EndGlobalSection
	GlobalSection(ExtensibilityGlobals) = postSolution
		SolutionGuid = {43AC29DF-59E2-47D7-886A-8066A73BD948}
	EndGlobalSection
EndGlobal
